
Microsoft Visual Studio Solution File, Format Version 12.00
# Visual Studio Version 17
VisualStudioVersion = 17.7.34024.191
MinimumVisualStudioVersion = 10.0.40219.1
Project("{FAE04EC0-301F-11D3-BF4B-00C04F79EFBC}") = "WebcamCaptureApp", "WebcamCaptureApp\WebcamCaptureApp.csproj", "{5F72DE7C-2EDC-4735-9F97-6AF8CA61B813}"
EndProject
Global
	GlobalSection(SolutionConfigurationPlatforms) = preSolution
		Debug|Any CPU = Debug|Any CPU
		Release|Any CPU = Release|Any CPU
	EndGlobalSection
	GlobalSection(ProjectConfigurationPlatforms) = postSolution
		{5F72DE7C-2EDC-4735-9F97-6AF8CA61B813}.Debug|Any CPU.ActiveCfg = Debug|Any CPU
		{5F72DE7C-2EDC-4735-9F97-6AF8CA61B813}.Debug|Any CPU.Build.0 = Debug|Any CPU
		{5F72DE7C-2EDC-4735-9F97-6AF8CA61B813}.Release|Any CPU.ActiveCfg = Release|Any CPU
		{5F72DE7C-2EDC-4735-9F97-6AF8CA61B813}.Release|Any CPU.Build.0 = Release|Any CPU
	EndGlobalSection
	GlobalSection(SolutionProperties) = preSolution
		HideSolutionNode = FALSE
	EndGlobalSection
	GlobalSection(ExtensibilityGlobals) = postSolution
		SolutionGuid = {8241E4F5-02F6-4409-8AD8-0099D750395B}
	EndGlobalSection
EndGlobal
